
Microsoft Visual Studio Solution File, Format Version 12.00
# Visual Studio Version 17
VisualStudioVersion = 17.13.35828.75 d17.13
MinimumVisualStudioVersion = 10.0.40219.1
Project("{FAE04EC0-301F-11D3-BF4B-00C04F79EFBC}") = "ListaDeExercicios.Exercicio01", "ListaDeExercicios.Exercicio01\ListaDeExercicios.Exercicio01.csproj", "{F164F501-2AA5-489B-BC7A-0C094B8C4690}"
EndProject
Project("{FAE04EC0-301F-11D3-BF4B-00C04F79EFBC}") = "ListaDeExercicios.Exercicio02", "ListaDeExercicios.Exercicio02\ListaDeExercicios.Exercicio02.csproj", "{CE1393C7-0E3D-4DB8-9E68-2FE0D42698AB}"
EndProject
Project("{FAE04EC0-301F-11D3-BF4B-00C04F79EFBC}") = "ListaDeExercicios.Exercicio03", "ListaDeExercicios.Exercicio03\ListaDeExercicios.Exercicio03.csproj", "{B2C197F2-D01E-44C8-A88B-FACE6122517F}"
EndProject
Global
	GlobalSection(SolutionConfigurationPlatforms) = preSolution
		Debug|Any CPU = Debug|Any CPU
		Release|Any CPU = Release|Any CPU
	EndGlobalSection
	GlobalSection(ProjectConfigurationPlatforms) = postSolution
		{F164F501-2AA5-489B-BC7A-0C094B8C4690}.Debug|Any CPU.ActiveCfg = Debug|Any CPU
		{F164F501-2AA5-489B-BC7A-0C094B8C4690}.Debug|Any CPU.Build.0 = Debug|Any CPU
		{F164F501-2AA5-489B-BC7A-0C094B8C4690}.Release|Any CPU.ActiveCfg = Release|Any CPU
		{F164F501-2AA5-489B-BC7A-0C094B8C4690}.Release|Any CPU.Build.0 = Release|Any CPU
		{CE1393C7-0E3D-4DB8-9E68-2FE0D42698AB}.Debug|Any CPU.ActiveCfg = Debug|Any CPU
		{CE1393C7-0E3D-4DB8-9E68-2FE0D42698AB}.Debug|Any CPU.Build.0 = Debug|Any CPU
		{CE1393C7-0E3D-4DB8-9E68-2FE0D42698AB}.Release|Any CPU.ActiveCfg = Release|Any CPU
		{CE1393C7-0E3D-4DB8-9E68-2FE0D42698AB}.Release|Any CPU.Build.0 = Release|Any CPU
		{B2C197F2-D01E-44C8-A88B-FACE6122517F}.Debug|Any CPU.ActiveCfg = Debug|Any CPU
		{B2C197F2-D01E-44C8-A88B-FACE6122517F}.Debug|Any CPU.Build.0 = Debug|Any CPU
		{B2C197F2-D01E-44C8-A88B-FACE6122517F}.Release|Any CPU.ActiveCfg = Release|Any CPU
		{B2C197F2-D01E-44C8-A88B-FACE6122517F}.Release|Any CPU.Build.0 = Release|Any CPU
	EndGlobalSection
	GlobalSection(SolutionProperties) = preSolution
		HideSolutionNode = FALSE
	EndGlobalSection
	GlobalSection(ExtensibilityGlobals) = postSolution
		SolutionGuid = {0748C255-7190-4271-80BD-E191E726147E}
	EndGlobalSection
EndGlobal
